
Microsoft Visual Studio Solution File, Format Version 12.00
# Visual Studio Version 17
VisualStudioVersion = 17.8.34309.116
MinimumVisualStudioVersion = 10.0.40219.1
Project("{FAE04EC0-301F-11D3-BF4B-00C04F79EFBC}") = "WinFormsApp_19_02", "WinFormsApp_19_02\WinFormsApp_19_02.csproj", "{28E689A8-84AA-4E1B-AF84-37D38EB5863D}"
EndProject
Global
	GlobalSection(SolutionConfigurationPlatforms) = preSolution
		Debug|Any CPU = Debug|Any CPU
		Release|Any CPU = Release|Any CPU
	EndGlobalSection
	GlobalSection(ProjectConfigurationPlatforms) = postSolution
		{28E689A8-84AA-4E1B-AF84-37D38EB5863D}.Debug|Any CPU.ActiveCfg = Debug|Any CPU
		{28E689A8-84AA-4E1B-AF84-37D38EB5863D}.Debug|Any CPU.Build.0 = Debug|Any CPU
		{28E689A8-84AA-4E1B-AF84-37D38EB5863D}.Release|Any CPU.ActiveCfg = Release|Any CPU
		{28E689A8-84AA-4E1B-AF84-37D38EB5863D}.Release|Any CPU.Build.0 = Release|Any CPU
	EndGlobalSection
	GlobalSection(SolutionProperties) = preSolution
		HideSolutionNode = FALSE
	EndGlobalSection
	GlobalSection(ExtensibilityGlobals) = postSolution
		SolutionGuid = {D2B589CF-92F5-48EC-A7B8-809E449C713E}
	EndGlobalSection
EndGlobal
